
Microsoft Visual Studio Solution File, Format Version 12.00
# Visual Studio 2012
Project("{FAE04EC0-301F-11D3-BF4B-00C04F79EFBC}") = "Test_SignalR", "Test_SignalR\Test_SignalR.csproj", "{396F5FD3-2F22-4404-9ACC-B6D5233CA488}"
EndProject
Project("{FAE04EC0-301F-11D3-BF4B-00C04F79EFBC}") = "SignalRServerController", "SignalRServerController\SignalRServerController.csproj", "{6BDB2B4B-FFD8-48EE-B072-2C93F1AF24BB}"
EndProject
Global
	GlobalSection(SolutionConfigurationPlatforms) = preSolution
		Debug|Any CPU = Debug|Any CPU
		Release|Any CPU = Release|Any CPU
	EndGlobalSection
	GlobalSection(ProjectConfigurationPlatforms) = postSolution
		{396F5FD3-2F22-4404-9ACC-B6D5233CA488}.Debug|Any CPU.ActiveCfg = Debug|Any CPU
		{396F5FD3-2F22-4404-9ACC-B6D5233CA488}.Debug|Any CPU.Build.0 = Debug|Any CPU
		{396F5FD3-2F22-4404-9ACC-B6D5233CA488}.Release|Any CPU.ActiveCfg = Release|Any CPU
		{396F5FD3-2F22-4404-9ACC-B6D5233CA488}.Release|Any CPU.Build.0 = Release|Any CPU
		{6BDB2B4B-FFD8-48EE-B072-2C93F1AF24BB}.Debug|Any CPU.ActiveCfg = Debug|Any CPU
		{6BDB2B4B-FFD8-48EE-B072-2C93F1AF24BB}.Debug|Any CPU.Build.0 = Debug|Any CPU
		{6BDB2B4B-FFD8-48EE-B072-2C93F1AF24BB}.Release|Any CPU.ActiveCfg = Release|Any CPU
		{6BDB2B4B-FFD8-48EE-B072-2C93F1AF24BB}.Release|Any CPU.Build.0 = Release|Any CPU
	EndGlobalSection
	GlobalSection(SolutionProperties) = preSolution
		HideSolutionNode = FALSE
	EndGlobalSection
EndGlobal
